Microsoft Visual Studio Solution File, Format Version 12.00
# Visual Studio 2012
Project("{FAE04EC0-301F-11D3-BF4B-00C04F79EFBC}") = "8px_Platformer", "8px_Platformer.csproj", "{16354903-8F8C-4E9E-ABF8-433D1F253C8B}"
EndProject
Global
	GlobalSection(SolutionConfigurationPlatforms) = preSolution
	Debug|Any CPU = Debug|Any CPU
	ExportDebug|Any CPU = ExportDebug|Any CPU
	ExportRelease|Any CPU = ExportRelease|Any CPU
	EndGlobalSection
	GlobalSection(ProjectConfigurationPlatforms) = postSolution
		{16354903-8F8C-4E9E-ABF8-433D1F253C8B}.Debug|Any CPU.ActiveCfg = Debug|Any CPU
		{16354903-8F8C-4E9E-ABF8-433D1F253C8B}.Debug|Any CPU.Build.0 = Debug|Any CPU
		{16354903-8F8C-4E9E-ABF8-433D1F253C8B}.ExportDebug|Any CPU.ActiveCfg = ExportDebug|Any CPU
		{16354903-8F8C-4E9E-ABF8-433D1F253C8B}.ExportDebug|Any CPU.Build.0 = ExportDebug|Any CPU
		{16354903-8F8C-4E9E-ABF8-433D1F253C8B}.ExportRelease|Any CPU.ActiveCfg = ExportRelease|Any CPU
		{16354903-8F8C-4E9E-ABF8-433D1F253C8B}.ExportRelease|Any CPU.Build.0 = ExportRelease|Any CPU
	EndGlobalSection
EndGlobal
